dependencies:
- name: gpu-operator
  repository: https://helm.ngc.nvidia.com/nvidia
  version: v25.3.2
- name: volcano
  repository: https://volcano-sh.github.io/helm-charts
  version: 1.12.1
- name: crds
  repository: ""
  version: 0.1.0
digest: sha256:69548b95c0623b9e0c5e88ed5fa1d1057978cdb2dc73fe2ebcf96663b72fb6a3
generated: "2025-08-04T17:22:35.633167+08:00"
