dependencies:
- name: gpu-operator
  repository: https://helm.ngc.nvidia.com/nvidia
  version: v24.6.2
- name: volcano
  repository: https://volcano-sh.github.io/helm-charts
  version: 1.10.0
- name: crds
  repository: ""
  version: 0.1.0
digest: sha256:a5b6e20467032501ca7b4257f8ce3087089576bda08d4f6f30ff3cc88025c5a9
generated: "2024-12-05T12:19:00.308434+08:00"
